<?xml version="1.0" encoding="utf-8"?>
<Project ToolsVersion="4.0" xmlns="http://schemas.microsoft.com/developer/msbuild/2003">
  <ItemGroup>
    <Filter Include="ソース ファイル">
      <UniqueIdentifier>{4FC737F1-C7A5-4376-A066-2A32D752A2FF}</UniqueIdentifier>
      <Extensions>cpp;c;cc;cxx;c++;cppm;ixx;def;odl;idl;hpj;bat;asm;asmx</Extensions>
    </Filter>
    <Filter Include="ヘッダー ファイル">
      <UniqueIdentifier>{93995380-89BD-4b04-88EB-625FBE52EBFB}</UniqueIdentifier>
      <Extensions>h;hh;hpp;hxx;h++;hm;inl;inc;ipp;xsd</Extensions>
    </Filter>
    <Filter Include="リソース ファイル">
      <UniqueIdentifier>{67DA6AB6-F800-4c08-8B7A-83BB121AAD01}</UniqueIdentifier>
      <Extensions>rc;ico;cur;bmp;dlg;rc2;rct;bin;rgs;gif;jpg;jpeg;jpe;resx;tiff;tif;png;wav;mfcribbon-ms</Extensions>
    </Filter>
    <Filter Include="ソース ファイル\main">
      <UniqueIdentifier>{7076d7b0-9a47-4d74-8eb8-abae3e1c5d81}</UniqueIdentifier>
    </Filter>
    <Filter Include="ソース ファイル\editer">
      <UniqueIdentifier>{9b479b1a-86b4-4da5-bdf0-8cb9e6bbdeaa}</UniqueIdentifier>
    </Filter>
    <Filter Include="ヘッダー ファイル\main">
      <UniqueIdentifier>{e19ae54c-b673-4c24-a373-d3942e8b5bf7}</UniqueIdentifier>
    </Filter>
    <Filter Include="ヘッダー ファイル\editer">
      <UniqueIdentifier>{b9d7c0f2-6d71-42b4-ab2a-207ed95e7c5d}</UniqueIdentifier>
    </Filter>
    <Filter Include="ソース ファイル\rw">
      <UniqueIdentifier>{ae7c8bc0-551b-4484-b925-4a211cfc8e98}</UniqueIdentifier>
    </Filter>
    <Filter Include="ヘッダー ファイル\rw">
      <UniqueIdentifier>{1aed43b0-f164-494c-9e18-cc8306c7dbdc}</UniqueIdentifier>
    </Filter>
  </ItemGroup>
  <ItemGroup>
    <ClCompile Include="main.cpp">
      <Filter>ソース ファイル\main</Filter>
    </ClCompile>
    <ClCompile Include="input.cpp">
      <Filter>ソース ファイル\main</Filter>
    </ClCompile>
    <ClCompile Include="block.cpp">
      <Filter>ソース ファイル\editer</Filter>
    </ClCompile>
    <ClCompile Include="player.cpp">
      <Filter>ソース ファイル\editer</Filter>
    </ClCompile>
    <ClCompile Include="editer.cpp">
      <Filter>ソース ファイル\editer</Filter>
    </ClCompile>
    <ClCompile Include="binload.cpp">
      <Filter>ソース ファイル\rw</Filter>
    </ClCompile>
  </ItemGroup>
  <ItemGroup>
    <ClInclude Include="input.h">
      <Filter>ヘッダー ファイル\main</Filter>
    </ClInclude>
    <ClInclude Include="main.h">
      <Filter>ヘッダー ファイル\main</Filter>
    </ClInclude>
    <ClInclude Include="block.h">
      <Filter>ヘッダー ファイル\editer</Filter>
    </ClInclude>
    <ClInclude Include="player.h">
      <Filter>ヘッダー ファイル\editer</Filter>
    </ClInclude>
    <ClInclude Include="resource.h">
      <Filter>ヘッダー ファイル</Filter>
    </ClInclude>
    <ClInclude Include="editer.h">
      <Filter>ヘッダー ファイル\editer</Filter>
    </ClInclude>
    <ClInclude Include="binload.h">
      <Filter>ヘッダー ファイル\rw</Filter>
    </ClInclude>
  </ItemGroup>
  <ItemGroup>
    <ResourceCompile Include="DarkDestroyerOfGoddes_StageEditerMan.rc">
      <Filter>リソース ファイル</Filter>
    </ResourceCompile>
  </ItemGroup>
  <ItemGroup>
    <Image Include="data\icon\icon1.ico">
      <Filter>リソース ファイル</Filter>
    </Image>
    <Image Include="data\icon\Stage_aditer_icon.png">
      <Filter>リソース ファイル</Filter>
    </Image>
    <Image Include="data\icon\Stage_aditer_icon.ico">
      <Filter>リソース ファイル</Filter>
    </Image>
  </ItemGroup>
</Project>